
Microsoft Visual Studio Solution File, Format Version 12.00
# Visual Studio Version 16
VisualStudioVersion = 16.0.31129.286
MinimumVisualStudioVersion = 10.0.40219.1
Project("{9A19103F-16F7-4668-BE54-9A1E7A4F7556}") = "HMZ V3", "HMZ V3.csproj", "{8746F650-0712-479D-958D-EC1ACF39D978}"
EndProject
Global
	GlobalSection(SolutionConfigurationPlatforms) = preSolution
		Debug|Any CPU = Debug|Any CPU
		Release|Any CPU = Release|Any CPU
	EndGlobalSection
	GlobalSection(ProjectConfigurationPlatforms) = postSolution
		{8746F650-0712-479D-958D-EC1ACF39D978}.Debug|Any CPU.ActiveCfg = Debug|Any CPU
		{8746F650-0712-479D-958D-EC1ACF39D978}.Debug|Any CPU.Build.0 = Debug|Any CPU
		{8746F650-0712-479D-958D-EC1ACF39D978}.Release|Any CPU.ActiveCfg = Release|Any CPU
		{8746F650-0712-479D-958D-EC1ACF39D978}.Release|Any CPU.Build.0 = Release|Any CPU
	EndGlobalSection
	GlobalSection(SolutionProperties) = preSolution
		HideSolutionNode = FALSE
	EndGlobalSection
	GlobalSection(ExtensibilityGlobals) = postSolution
		SolutionGuid = {30EEE8BB-A9FD-4051-A20B-C28F7541A18C}
	EndGlobalSection
EndGlobal
